
Microsoft Visual Studio Solution File, Format Version 12.00
# Visual Studio Version 17
VisualStudioVersion = 17.5.33516.290
MinimumVisualStudioVersion = 10.0.40219.1
Project("{FAE04EC0-301F-11D3-BF4B-00C04F79EFBC}") = "MovLib", "MovLib.csproj", "{CE0F57C1-06BE-4335-B8F6-D2FA4E4EAB5D}"
EndProject
Global
	GlobalSection(SolutionConfigurationPlatforms) = preSolution
		Debug|Any CPU = Debug|Any CPU
		Release|Any CPU = Release|Any CPU
	EndGlobalSection
	GlobalSection(ProjectConfigurationPlatforms) = postSolution
		{CE0F57C1-06BE-4335-B8F6-D2FA4E4EAB5D}.Debug|Any CPU.ActiveCfg = Debug|Any CPU
		{CE0F57C1-06BE-4335-B8F6-D2FA4E4EAB5D}.Debug|Any CPU.Build.0 = Debug|Any CPU
		{CE0F57C1-06BE-4335-B8F6-D2FA4E4EAB5D}.Release|Any CPU.ActiveCfg = Release|Any CPU
		{CE0F57C1-06BE-4335-B8F6-D2FA4E4EAB5D}.Release|Any CPU.Build.0 = Release|Any CPU
	EndGlobalSection
	GlobalSection(SolutionProperties) = preSolution
		HideSolutionNode = FALSE
	EndGlobalSection
	GlobalSection(ExtensibilityGlobals) = postSolution
		SolutionGuid = {65BC41DD-3D3B-4ED2-A995-7C8E9315C8B3}
	EndGlobalSection
EndGlobal
